Microsoft Visual Studio Solution File, Format Version 12.00
# Visual Studio 2012
Project("{FAE04EC0-301F-11D3-BF4B-00C04F79EFBC}") = "Maquette 3 - NPC & Terrain", "Maquette 3 - NPC & Terrain.csproj", "{7F03FB86-0A6A-4B2D-9D22-E476FD6C731F}"
EndProject
Global
	GlobalSection(SolutionConfigurationPlatforms) = preSolution
	Debug|Any CPU = Debug|Any CPU
	ExportDebug|Any CPU = ExportDebug|Any CPU
	ExportRelease|Any CPU = ExportRelease|Any CPU
	EndGlobalSection
	GlobalSection(ProjectConfigurationPlatforms) = postSolution
		{7F03FB86-0A6A-4B2D-9D22-E476FD6C731F}.Debug|Any CPU.ActiveCfg = Debug|Any CPU
		{7F03FB86-0A6A-4B2D-9D22-E476FD6C731F}.Debug|Any CPU.Build.0 = Debug|Any CPU
		{7F03FB86-0A6A-4B2D-9D22-E476FD6C731F}.ExportDebug|Any CPU.ActiveCfg = ExportDebug|Any CPU
		{7F03FB86-0A6A-4B2D-9D22-E476FD6C731F}.ExportDebug|Any CPU.Build.0 = ExportDebug|Any CPU
		{7F03FB86-0A6A-4B2D-9D22-E476FD6C731F}.ExportRelease|Any CPU.ActiveCfg = ExportRelease|Any CPU
		{7F03FB86-0A6A-4B2D-9D22-E476FD6C731F}.ExportRelease|Any CPU.Build.0 = ExportRelease|Any CPU
	EndGlobalSection
EndGlobal
